
Microsoft Visual Studio Solution File, Format Version 12.00
# Visual Studio Version 17
VisualStudioVersion = 17.4.33205.214
MinimumVisualStudioVersion = 10.0.40219.1
Project("{FAE04EC0-301F-11D3-BF4B-00C04F79EFBC}") = "fizz buzz", "fizz buzz\fizz buzz.csproj", "{61A4D8B1-3E5B-4DBC-876F-1C50682B9353}"
EndProject
Global
	GlobalSection(SolutionConfigurationPlatforms) = preSolution
		Debug|Any CPU = Debug|Any CPU
		Release|Any CPU = Release|Any CPU
	EndGlobalSection
	GlobalSection(ProjectConfigurationPlatforms) = postSolution
		{61A4D8B1-3E5B-4DBC-876F-1C50682B9353}.Debug|Any CPU.ActiveCfg = Debug|Any CPU
		{61A4D8B1-3E5B-4DBC-876F-1C50682B9353}.Debug|Any CPU.Build.0 = Debug|Any CPU
		{61A4D8B1-3E5B-4DBC-876F-1C50682B9353}.Release|Any CPU.ActiveCfg = Release|Any CPU
		{61A4D8B1-3E5B-4DBC-876F-1C50682B9353}.Release|Any CPU.Build.0 = Release|Any CPU
	EndGlobalSection
	GlobalSection(SolutionProperties) = preSolution
		HideSolutionNode = FALSE
	EndGlobalSection
	GlobalSection(ExtensibilityGlobals) = postSolution
		SolutionGuid = {0B2CBCFA-C4FF-4105-B0EF-B9E021A624ED}
	EndGlobalSection
EndGlobal
